
Microsoft Visual Studio Solution File, Format Version 12.00
# Visual Studio Version 17
VisualStudioVersion = 17.4.33213.308
MinimumVisualStudioVersion = 10.0.40219.1
Project("{FAE04EC0-301F-11D3-BF4B-00C04F79EFBC}") = "Team", "Team\Team.csproj", "{1B2BAB67-FA65-4ED2-90C4-74C7DE5EED85}"
EndProject
Project("{FAE04EC0-301F-11D3-BF4B-00C04F79EFBC}") = "Watermelon", "Watermelon\Watermelon.csproj", "{C802D0DD-8EA3-42E8-A350-89EEA9C9B574}"
EndProject
Global
	GlobalSection(SolutionConfigurationPlatforms) = preSolution
		Debug|Any CPU = Debug|Any CPU
		Release|Any CPU = Release|Any CPU
	EndGlobalSection
	GlobalSection(ProjectConfigurationPlatforms) = postSolution
		{1B2BAB67-FA65-4ED2-90C4-74C7DE5EED85}.Debug|Any CPU.ActiveCfg = Debug|Any CPU
		{1B2BAB67-FA65-4ED2-90C4-74C7DE5EED85}.Debug|Any CPU.Build.0 = Debug|Any CPU
		{1B2BAB67-FA65-4ED2-90C4-74C7DE5EED85}.Release|Any CPU.ActiveCfg = Release|Any CPU
		{1B2BAB67-FA65-4ED2-90C4-74C7DE5EED85}.Release|Any CPU.Build.0 = Release|Any CPU
		{C802D0DD-8EA3-42E8-A350-89EEA9C9B574}.Debug|Any CPU.ActiveCfg = Debug|Any CPU
		{C802D0DD-8EA3-42E8-A350-89EEA9C9B574}.Debug|Any CPU.Build.0 = Debug|Any CPU
		{C802D0DD-8EA3-42E8-A350-89EEA9C9B574}.Release|Any CPU.ActiveCfg = Release|Any CPU
		{C802D0DD-8EA3-42E8-A350-89EEA9C9B574}.Release|Any CPU.Build.0 = Release|Any CPU
	EndGlobalSection
	GlobalSection(SolutionProperties) = preSolution
		HideSolutionNode = FALSE
	EndGlobalSection
	GlobalSection(ExtensibilityGlobals) = postSolution
		SolutionGuid = {F2E2A1FA-85A0-4379-ADE1-6B1593DF5439}
	EndGlobalSection
EndGlobal
