
Microsoft Visual Studio Solution File, Format Version 12.00
# Visual Studio Version 17
VisualStudioVersion = 17.4.33213.308
MinimumVisualStudioVersion = 10.0.40219.1
Project("{FAE04EC0-301F-11D3-BF4B-00C04F79EFBC}") = "DominoPiling", "DominoPiling\DominoPiling.csproj", "{0051E28E-5BEC-48D1-B0D2-7D6260737F89}"
EndProject
Project("{FAE04EC0-301F-11D3-BF4B-00C04F79EFBC}") = "NextRound", "NextRound\NextRound.csproj", "{2D243C13-EC9D-455D-B6BE-3DC86E19F126}"
EndProject
Global
	GlobalSection(SolutionConfigurationPlatforms) = preSolution
		Debug|Any CPU = Debug|Any CPU
		Release|Any CPU = Release|Any CPU
	EndGlobalSection
	GlobalSection(ProjectConfigurationPlatforms) = postSolution
		{0051E28E-5BEC-48D1-B0D2-7D6260737F89}.Debug|Any CPU.ActiveCfg = Debug|Any CPU
		{0051E28E-5BEC-48D1-B0D2-7D6260737F89}.Debug|Any CPU.Build.0 = Debug|Any CPU
		{0051E28E-5BEC-48D1-B0D2-7D6260737F89}.Release|Any CPU.ActiveCfg = Release|Any CPU
		{0051E28E-5BEC-48D1-B0D2-7D6260737F89}.Release|Any CPU.Build.0 = Release|Any CPU
		{2D243C13-EC9D-455D-B6BE-3DC86E19F126}.Debug|Any CPU.ActiveCfg = Debug|Any CPU
		{2D243C13-EC9D-455D-B6BE-3DC86E19F126}.Debug|Any CPU.Build.0 = Debug|Any CPU
		{2D243C13-EC9D-455D-B6BE-3DC86E19F126}.Release|Any CPU.ActiveCfg = Release|Any CPU
		{2D243C13-EC9D-455D-B6BE-3DC86E19F126}.Release|Any CPU.Build.0 = Release|Any CPU
	EndGlobalSection
	GlobalSection(SolutionProperties) = preSolution
		HideSolutionNode = FALSE
	EndGlobalSection
	GlobalSection(ExtensibilityGlobals) = postSolution
		SolutionGuid = {F2E2A1FA-85A0-4379-ADE1-6B1593DF5439}
	EndGlobalSection
EndGlobal
