
Microsoft Visual Studio Solution File, Format Version 12.00
# Visual Studio Version 17
VisualStudioVersion = 17.4.33213.308
MinimumVisualStudioVersion = 10.0.40219.1
Project("{FAE04EC0-301F-11D3-BF4B-00C04F79EFBC}") = "DominoPiling", "DominoPiling\DominoPiling.csproj", "{0051E28E-5BEC-48D1-B0D2-7D6260737F89}"
EndProject
Project("{FAE04EC0-301F-11D3-BF4B-00C04F79EFBC}") = "NextRound", "NextRound\NextRound.csproj", "{2D243C13-EC9D-455D-B6BE-3DC86E19F126}"
EndProject
Project("{FAE04EC0-301F-11D3-BF4B-00C04F79EFBC}") = "WordCapitalization", "WordCapitalization\WordCapitalization.csproj", "{11FC8348-F62F-438B-941C-3853F73A98A8}"
EndProject
Project("{FAE04EC0-301F-11D3-BF4B-00C04F79EFBC}") = "NearlyLuckyNumber", "NearlyLuckyNumber\NearlyLuckyNumber.csproj", "{5DDDCF68-6A1A-4A3A-9224-8B2D2C6F594B}"
EndProject
Project("{FAE04EC0-301F-11D3-BF4B-00C04F79EFBC}") = "AntonAndDanik", "AntonAndDanik\AntonAndDanik.csproj", "{F7AF9B87-59E7-4B91-B363-2D947E4109ED}"
EndProject
Project("{FAE04EC0-301F-11D3-BF4B-00C04F79EFBC}") = "Translation", "Translation\Translation.csproj", "{20A36866-690C-4A11-940A-5BA3C9E63CA4}"
EndProject
Project("{FAE04EC0-301F-11D3-BF4B-00C04F79EFBC}") = "QueueAtTheSchool", "QueueAtTheSchool\QueueAtTheSchool.csproj", "{8DE5C724-370E-4B0C-82B6-91DC60780E24}"
EndProject
Project("{FAE04EC0-301F-11D3-BF4B-00C04F79EFBC}") = "Watermelon", "Watermelon\Watermelon.csproj", "{728C0AD6-0012-4618-BF7C-B228D193EDC7}"
EndProject
Project("{FAE04EC0-301F-11D3-BF4B-00C04F79EFBC}") = "WayTooLongWords", "WayTooLongWords\WayTooLongWords.csproj", "{7D694180-F50E-4C47-A794-4E3285BAB6B7}"
EndProject
Project("{FAE04EC0-301F-11D3-BF4B-00C04F79EFBC}") = "Team", "Team\Team.csproj", "{25BE6B74-56E3-46BD-A69D-E911BF64681B}"
EndProject
Project("{FAE04EC0-301F-11D3-BF4B-00C04F79EFBC}") = "YoungPhysicist", "YoungPhysicist\YoungPhysicist.csproj", "{4B9C3EF9-F111-4CA5-8CFF-68EB5CCAF381}"
EndProject
Global
	GlobalSection(SolutionConfigurationPlatforms) = preSolution
		Debug|Any CPU = Debug|Any CPU
		Release|Any CPU = Release|Any CPU
	EndGlobalSection
	GlobalSection(ProjectConfigurationPlatforms) = postSolution
		{0051E28E-5BEC-48D1-B0D2-7D6260737F89}.Debug|Any CPU.ActiveCfg = Debug|Any CPU
		{0051E28E-5BEC-48D1-B0D2-7D6260737F89}.Debug|Any CPU.Build.0 = Debug|Any CPU
		{0051E28E-5BEC-48D1-B0D2-7D6260737F89}.Release|Any CPU.ActiveCfg = Release|Any CPU
		{0051E28E-5BEC-48D1-B0D2-7D6260737F89}.Release|Any CPU.Build.0 = Release|Any CPU
		{2D243C13-EC9D-455D-B6BE-3DC86E19F126}.Debug|Any CPU.ActiveCfg = Debug|Any CPU
		{2D243C13-EC9D-455D-B6BE-3DC86E19F126}.Debug|Any CPU.Build.0 = Debug|Any CPU
		{2D243C13-EC9D-455D-B6BE-3DC86E19F126}.Release|Any CPU.ActiveCfg = Release|Any CPU
		{2D243C13-EC9D-455D-B6BE-3DC86E19F126}.Release|Any CPU.Build.0 = Release|Any CPU
		{11FC8348-F62F-438B-941C-3853F73A98A8}.Debug|Any CPU.ActiveCfg = Debug|Any CPU
		{11FC8348-F62F-438B-941C-3853F73A98A8}.Debug|Any CPU.Build.0 = Debug|Any CPU
		{11FC8348-F62F-438B-941C-3853F73A98A8}.Release|Any CPU.ActiveCfg = Release|Any CPU
		{11FC8348-F62F-438B-941C-3853F73A98A8}.Release|Any CPU.Build.0 = Release|Any CPU
		{5DDDCF68-6A1A-4A3A-9224-8B2D2C6F594B}.Debug|Any CPU.ActiveCfg = Debug|Any CPU
		{5DDDCF68-6A1A-4A3A-9224-8B2D2C6F594B}.Debug|Any CPU.Build.0 = Debug|Any CPU
		{5DDDCF68-6A1A-4A3A-9224-8B2D2C6F594B}.Release|Any CPU.ActiveCfg = Release|Any CPU
		{5DDDCF68-6A1A-4A3A-9224-8B2D2C6F594B}.Release|Any CPU.Build.0 = Release|Any CPU
		{F7AF9B87-59E7-4B91-B363-2D947E4109ED}.Debug|Any CPU.ActiveCfg = Debug|Any CPU
		{F7AF9B87-59E7-4B91-B363-2D947E4109ED}.Debug|Any CPU.Build.0 = Debug|Any CPU
		{F7AF9B87-59E7-4B91-B363-2D947E4109ED}.Release|Any CPU.ActiveCfg = Release|Any CPU
		{F7AF9B87-59E7-4B91-B363-2D947E4109ED}.Release|Any CPU.Build.0 = Release|Any CPU
		{20A36866-690C-4A11-940A-5BA3C9E63CA4}.Debug|Any CPU.ActiveCfg = Debug|Any CPU
		{20A36866-690C-4A11-940A-5BA3C9E63CA4}.Debug|Any CPU.Build.0 = Debug|Any CPU
		{20A36866-690C-4A11-940A-5BA3C9E63CA4}.Release|Any CPU.ActiveCfg = Release|Any CPU
		{20A36866-690C-4A11-940A-5BA3C9E63CA4}.Release|Any CPU.Build.0 = Release|Any CPU
		{8DE5C724-370E-4B0C-82B6-91DC60780E24}.Debug|Any CPU.ActiveCfg = Debug|Any CPU
		{8DE5C724-370E-4B0C-82B6-91DC60780E24}.Debug|Any CPU.Build.0 = Debug|Any CPU
		{8DE5C724-370E-4B0C-82B6-91DC60780E24}.Release|Any CPU.ActiveCfg = Release|Any CPU
		{8DE5C724-370E-4B0C-82B6-91DC60780E24}.Release|Any CPU.Build.0 = Release|Any CPU
		{728C0AD6-0012-4618-BF7C-B228D193EDC7}.Debug|Any CPU.ActiveCfg = Debug|Any CPU
		{728C0AD6-0012-4618-BF7C-B228D193EDC7}.Debug|Any CPU.Build.0 = Debug|Any CPU
		{728C0AD6-0012-4618-BF7C-B228D193EDC7}.Release|Any CPU.ActiveCfg = Release|Any CPU
		{728C0AD6-0012-4618-BF7C-B228D193EDC7}.Release|Any CPU.Build.0 = Release|Any CPU
		{7D694180-F50E-4C47-A794-4E3285BAB6B7}.Debug|Any CPU.ActiveCfg = Debug|Any CPU
		{7D694180-F50E-4C47-A794-4E3285BAB6B7}.Debug|Any CPU.Build.0 = Debug|Any CPU
		{7D694180-F50E-4C47-A794-4E3285BAB6B7}.Release|Any CPU.ActiveCfg = Release|Any CPU
		{7D694180-F50E-4C47-A794-4E3285BAB6B7}.Release|Any CPU.Build.0 = Release|Any CPU
		{25BE6B74-56E3-46BD-A69D-E911BF64681B}.Debug|Any CPU.ActiveCfg = Debug|Any CPU
		{25BE6B74-56E3-46BD-A69D-E911BF64681B}.Debug|Any CPU.Build.0 = Debug|Any CPU
		{25BE6B74-56E3-46BD-A69D-E911BF64681B}.Release|Any CPU.ActiveCfg = Release|Any CPU
		{25BE6B74-56E3-46BD-A69D-E911BF64681B}.Release|Any CPU.Build.0 = Release|Any CPU
		{4B9C3EF9-F111-4CA5-8CFF-68EB5CCAF381}.Debug|Any CPU.ActiveCfg = Debug|Any CPU
		{4B9C3EF9-F111-4CA5-8CFF-68EB5CCAF381}.Debug|Any CPU.Build.0 = Debug|Any CPU
		{4B9C3EF9-F111-4CA5-8CFF-68EB5CCAF381}.Release|Any CPU.ActiveCfg = Release|Any CPU
		{4B9C3EF9-F111-4CA5-8CFF-68EB5CCAF381}.Release|Any CPU.Build.0 = Release|Any CPU
	EndGlobalSection
	GlobalSection(SolutionProperties) = preSolution
		HideSolutionNode = FALSE
	EndGlobalSection
	GlobalSection(ExtensibilityGlobals) = postSolution
		SolutionGuid = {F2E2A1FA-85A0-4379-ADE1-6B1593DF5439}
	EndGlobalSection
EndGlobal
